# THIS IS AN AUTOGENERATED FILE. DO NOT EDIT THIS FILE DIRECTLY.
# yarn lockfile v1


"@thanpolas/crypto-utils@^0.3.1":
  version "0.3.2"
  resolved "https://registry.yarnpkg.com/@thanpolas/crypto-utils/-/crypto-utils-0.3.2.tgz#b775613ad9af769a009d32cb314cb913a5268e3c"
  integrity sha512-Po8Je107M3n8e7yUuMb9wQZn6+hJ7Ck5XaqF8BSwbjxvtxMkk0GoFbZrAvu6VmccwrXwvJsyBYEhDPr2qsgsyw==
  dependencies:
    decimal.js "^10.3.1"
    invariant "^2.2.4"
    jsbi "^4.0.0"
    toformat "^2.0.0"

"@thanpolas/univ3prices@^3.0.2":
  version "3.0.2"
  resolved "https://registry.yarnpkg.com/@thanpolas/univ3prices/-/univ3prices-3.0.2.tgz#6fc7002802af3302bf44193dfffbd1958d1868b7"
  integrity sha512-ExjbTUAQpeD/e7zLUIkGNYd3bcVCdNrGMF4pJeqCVitKxzNHYfMqzawUWOewLmq7t80p+Xa+XwAsweGSG3lqNQ==
  dependencies:
    "@thanpolas/crypto-utils" "^0.3.1"
    invariant "^2.2.4"
    jsbi "^3.2.2"

decimal.js@^10.3.1:
  version "10.3.1"
  resolved "https://registry.yarnpkg.com/decimal.js/-/decimal.js-10.3.1.tgz#d8c3a444a9c6774ba60ca6ad7261c3a94fd5e783"
  integrity sha512-V0pfhfr8suzyPGOx3nmq4aHqabehUZn6Ch9kyFpV79TGDTWFmHqUqXdabR7QHqxzrYolF4+tVmJhUG4OURg5dQ==

invariant@^2.2.4:
  version "2.2.4"
  resolved "https://registry.yarnpkg.com/invariant/-/invariant-2.2.4.tgz#610f3c92c9359ce1db616e538008d23ff35158e6"
  integrity sha512-phJfQVBuaJM5raOpJjSfkiD6BpbCE4Ns//LaXl6wGYtUBY83nWS6Rf9tXm2e8VaK60JEjYldbPif/A2B1C2gNA==
  dependencies:
    loose-envify "^1.0.0"

"js-tokens@^3.0.0 || ^4.0.0":
  version "4.0.0"
  resolved "https://registry.yarnpkg.com/js-tokens/-/js-tokens-4.0.0.tgz#19203fb59991df98e3a287050d4647cdeaf32499"
  integrity sha512-RdJUflcE3cUzKiMqQgsCu06FPu9UdIJO0beYbPhHN4k6apgJtifcoCtT9bcxOpYBtpD2kCM6Sbzg4CausW/PKQ==

jsbi@^3.2.2:
  version "3.2.5"
  resolved "https://registry.yarnpkg.com/jsbi/-/jsbi-3.2.5.tgz#b37bb90e0e5c2814c1c2a1bcd8c729888a2e37d6"
  integrity sha512-aBE4n43IPvjaddScbvWRA2YlTzKEynHzu7MqOyTipdHucf/VxS63ViCjxYRg86M8Rxwbt/GfzHl1kKERkt45fQ==

jsbi@^4.0.0:
  version "4.3.0"
  resolved "https://registry.yarnpkg.com/jsbi/-/jsbi-4.3.0.tgz#b54ee074fb6fcbc00619559305c8f7e912b04741"
  integrity sha512-SnZNcinB4RIcnEyZqFPdGPVgrg2AcnykiBy0sHVJQKHYeaLUvi3Exj+iaPpLnFVkDPZIV4U0yvgC9/R4uEAZ9g==

loose-envify@^1.0.0:
  version "1.4.0"
  resolved "https://registry.yarnpkg.com/loose-envify/-/loose-envify-1.4.0.tgz#71ee51fa7be4caec1a63839f7e682d8132d30caf"
  integrity sha512-lyuxPGr/Wfhrlem2CL/UcnUc1zcqKAImBDzukY7Y5F/yQiNdko6+fRLevlw1HgMySw7f611UIY408EtxRSoK3Q==
  dependencies:
    js-tokens "^3.0.0 || ^4.0.0"

toformat@^2.0.0:
  version "2.0.0"
  resolved "https://registry.yarnpkg.com/toformat/-/toformat-2.0.0.tgz#7a043fd2dfbe9021a4e36e508835ba32056739d8"
  integrity sha512-03SWBVop6nU8bpyZCx7SodpYznbZF5R4ljwNLBcTQzKOD9xuihRo/psX58llS1BMFhhAI08H3luot5GoXJz2pQ==
